
Microsoft Visual Studio Solution File, Format Version 12.00
# Visual Studio 15
VisualStudioVersion = 15.0.28010.2036
MinimumVisualStudioVersion = 10.0.40219.1
Project("{FAE04EC0-301F-11D3-BF4B-00C04F79EFBC}") = "file-extraction-code-challenge", "file-extraction-code-challenge\file-extraction-code-challenge.csproj", "{2EF33903-4418-4F28-9E3D-0E2420FFE891}"
EndProject
Project("{FAE04EC0-301F-11D3-BF4B-00C04F79EFBC}") = "HorseHandler", "HorseHandler\HorseHandler.csproj", "{7D31FED3-6B05-4527-B245-BEFFB34E4D18}"
EndProject
Project("{FAE04EC0-301F-11D3-BF4B-00C04F79EFBC}") = "JSON-Extractor", "JSON-Extractor\JSON-Extractor.csproj", "{A3328AE4-AAF7-4C2C-8330-2699FBC2A8CE}"
EndProject
Project("{FAE04EC0-301F-11D3-BF4B-00C04F79EFBC}") = "XML-Extractor", "XML-Extractor\XML-Extractor.csproj", "{5B161464-D654-452C-A656-C6E8E07C35D9}"
EndProject
Project("{FAE04EC0-301F-11D3-BF4B-00C04F79EFBC}") = "fileExtraction.Tests", "fileExtraction.Tests\fileExtraction.Tests.csproj", "{8107A43C-A575-493A-8256-8149BED13E6B}"
EndProject
Global
	GlobalSection(SolutionConfigurationPlatforms) = preSolution
		Debug|Any CPU = Debug|Any CPU
		Release|Any CPU = Release|Any CPU
	EndGlobalSection
	GlobalSection(ProjectConfigurationPlatforms) = postSolution
		{2EF33903-4418-4F28-9E3D-0E2420FFE891}.Debug|Any CPU.ActiveCfg = Debug|Any CPU
		{2EF33903-4418-4F28-9E3D-0E2420FFE891}.Debug|Any CPU.Build.0 = Debug|Any CPU
		{2EF33903-4418-4F28-9E3D-0E2420FFE891}.Release|Any CPU.ActiveCfg = Release|Any CPU
		{2EF33903-4418-4F28-9E3D-0E2420FFE891}.Release|Any CPU.Build.0 = Release|Any CPU
		{7D31FED3-6B05-4527-B245-BEFFB34E4D18}.Debug|Any CPU.ActiveCfg = Debug|Any CPU
		{7D31FED3-6B05-4527-B245-BEFFB34E4D18}.Debug|Any CPU.Build.0 = Debug|Any CPU
		{7D31FED3-6B05-4527-B245-BEFFB34E4D18}.Release|Any CPU.ActiveCfg = Release|Any CPU
		{7D31FED3-6B05-4527-B245-BEFFB34E4D18}.Release|Any CPU.Build.0 = Release|Any CPU
		{A3328AE4-AAF7-4C2C-8330-2699FBC2A8CE}.Debug|Any CPU.ActiveCfg = Debug|Any CPU
		{A3328AE4-AAF7-4C2C-8330-2699FBC2A8CE}.Debug|Any CPU.Build.0 = Debug|Any CPU
		{A3328AE4-AAF7-4C2C-8330-2699FBC2A8CE}.Release|Any CPU.ActiveCfg = Release|Any CPU
		{A3328AE4-AAF7-4C2C-8330-2699FBC2A8CE}.Release|Any CPU.Build.0 = Release|Any CPU
		{5B161464-D654-452C-A656-C6E8E07C35D9}.Debug|Any CPU.ActiveCfg = Debug|Any CPU
		{5B161464-D654-452C-A656-C6E8E07C35D9}.Debug|Any CPU.Build.0 = Debug|Any CPU
		{5B161464-D654-452C-A656-C6E8E07C35D9}.Release|Any CPU.ActiveCfg = Release|Any CPU
		{5B161464-D654-452C-A656-C6E8E07C35D9}.Release|Any CPU.Build.0 = Release|Any CPU
		{8107A43C-A575-493A-8256-8149BED13E6B}.Debug|Any CPU.ActiveCfg = Debug|Any CPU
		{8107A43C-A575-493A-8256-8149BED13E6B}.Debug|Any CPU.Build.0 = Debug|Any CPU
		{8107A43C-A575-493A-8256-8149BED13E6B}.Release|Any CPU.ActiveCfg = Release|Any CPU
		{8107A43C-A575-493A-8256-8149BED13E6B}.Release|Any CPU.Build.0 = Release|Any CPU
	EndGlobalSection
	GlobalSection(SolutionProperties) = preSolution
		HideSolutionNode = FALSE
	EndGlobalSection
	GlobalSection(ExtensibilityGlobals) = postSolution
		SolutionGuid = {4EF31D6C-F5D9-4CB6-B593-EF562D61AF56}
	EndGlobalSection
EndGlobal
